# This file is automatically @generated by Cargo.
# It is not intended for manual editing.
[[package]]
name = "adler32"
version = "1.0.3"
source = "registry+https://github.com/rust-lang/crates.io-index"

[[package]]
name = "build_const"
version = "0.2.1"
source = "registry+https://github.com/rust-lang/crates.io-index"

[[package]]
name = "cc"
version = "1.0.29"
source = "registry+https://github.com/rust-lang/crates.io-index"

[[package]]
name = "cfg-if"
version = "0.1.6"
source = "registry+https://github.com/rust-lang/crates.io-index"

[[package]]
name = "crc"
version = "1.8.1"
source = "registry+https://github.com/rust-lang/crates.io-index"
dependencies = [
 "build_const 0.2.1 (registry+https://github.com/rust-lang/crates.io-index)",
]

[[package]]
name = "crc32fast"
version = "1.1.2"
source = "registry+https://github.com/rust-lang/crates.io-index"
dependencies = [
 "cfg-if 0.1.6 (registry+https://github.com/rust-lang/crates.io-index)",
]

[[package]]
name = "flate2"
version = "1.0.6"
source = "registry+https://github.com/rust-lang/crates.io-index"
dependencies = [
 "crc32fast 1.1.2 (registry+https://github.com/rust-lang/crates.io-index)",
 "libc 0.2.49 (registry+https://github.com/rust-lang/crates.io-index)",
 "miniz-sys 0.1.11 (registry+https://github.com/rust-lang/crates.io-index)",
 "miniz_oxide_c_api 0.2.1 (registry+https://github.com/rust-lang/crates.io-index)",
]

[[package]]
name = "gm8emu"
version = "0.1.0"
dependencies = [
 "flate2 1.0.6 (registry+https://github.com/rust-lang/crates.io-index)",
]

[[package]]
name = "libc"
version = "0.2.49"
source = "registry+https://github.com/rust-lang/crates.io-index"

[[package]]
name = "miniz-sys"
version = "0.1.11"
source = "registry+https://github.com/rust-lang/crates.io-index"
dependencies = [
 "cc 1.0.29 (registry+https://github.com/rust-lang/crates.io-index)",
 "libc 0.2.49 (registry+https://github.com/rust-lang/crates.io-index)",
]

[[package]]
name = "miniz_oxide"
version = "0.2.1"
source = "registry+https://github.com/rust-lang/crates.io-index"
dependencies = [
 "adler32 1.0.3 (registry+https://github.com/rust-lang/crates.io-index)",
]

[[package]]
name = "miniz_oxide_c_api"
version = "0.2.1"
source = "registry+https://github.com/rust-lang/crates.io-index"
dependencies = [
 "cc 1.0.29 (registry+https://github.com/rust-lang/crates.io-index)",
 "crc 1.8.1 (registry+https://github.com/rust-lang/crates.io-index)",
 "libc 0.2.49 (registry+https://github.com/rust-lang/crates.io-index)",
 "miniz_oxide 0.2.1 (registry+https://github.com/rust-lang/crates.io-index)",
]

[metadata]
"checksum adler32 1.0.3 (registry+https://github.com/rust-lang/crates.io-index)" = "7e522997b529f05601e05166c07ed17789691f562762c7f3b987263d2dedee5c"
"checksum build_const 0.2.1 (registry+https://github.com/rust-lang/crates.io-index)" = "39092a32794787acd8525ee150305ff051b0aa6cc2abaf193924f5ab05425f39"
"checksum cc 1.0.29 (registry+https://github.com/rust-lang/crates.io-index)" = "4390a3b5f4f6bce9c1d0c00128379df433e53777fdd30e92f16a529332baec4e"
"checksum cfg-if 0.1.6 (registry+https://github.com/rust-lang/crates.io-index)" = "082bb9b28e00d3c9d39cc03e64ce4cea0f1bb9b3fde493f0cbc008472d22bdf4"
"checksum crc 1.8.1 (registry+https://github.com/rust-lang/crates.io-index)" = "d663548de7f5cca343f1e0a48d14dcfb0e9eb4e079ec58883b7251539fa10aeb"
"checksum crc32fast 1.1.2 (registry+https://github.com/rust-lang/crates.io-index)" = "e91d5240c6975ef33aeb5f148f35275c25eda8e8a5f95abe421978b05b8bf192"
"checksum flate2 1.0.6 (registry+https://github.com/rust-lang/crates.io-index)" = "2291c165c8e703ee54ef3055ad6188e3d51108e2ded18e9f2476e774fc5ad3d4"
"checksum libc 0.2.49 (registry+https://github.com/rust-lang/crates.io-index)" = "413f3dfc802c5dc91dc570b05125b6cda9855edfaa9825c9849807876376e70e"
"checksum miniz-sys 0.1.11 (registry+https://github.com/rust-lang/crates.io-index)" = "0300eafb20369952951699b68243ab4334f4b10a88f411c221d444b36c40e649"
"checksum miniz_oxide 0.2.1 (registry+https://github.com/rust-lang/crates.io-index)" = "c468f2369f07d651a5d0bb2c9079f8488a66d5466efe42d0c5c6466edcb7f71e"
"checksum miniz_oxide_c_api 0.2.1 (registry+https://github.com/rust-lang/crates.io-index)" = "b7fe927a42e3807ef71defb191dc87d4e24479b221e67015fe38ae2b7b447bab"
